
Microsoft Visual Studio Solution File, Format Version 12.00
# Visual Studio 15
VisualStudioVersion = 15.0.27703.2047
MinimumVisualStudioVersion = 10.0.40219.1
Project("{FAE04EC0-301F-11D3-BF4B-00C04F79EFBC}") = "trailer-ngapp", "trailer-ngapp\trailer-ngapp.csproj", "{BDE174CE-7AA7-494F-82E4-B63CE9C32FD3}"
EndProject
Project("{FAE04EC0-301F-11D3-BF4B-00C04F79EFBC}") = "trailer", "trailer\trailer.csproj", "{535119D9-D273-4500-A2DD-B6CC7F72931E}"
EndProject
Global
	GlobalSection(SolutionConfigurationPlatforms) = preSolution
		Debug|Any CPU = Debug|Any CPU
		Release|Any CPU = Release|Any CPU
	EndGlobalSection
	GlobalSection(ProjectConfigurationPlatforms) = postSolution
		{BDE174CE-7AA7-494F-82E4-B63CE9C32FD3}.Debug|Any CPU.ActiveCfg = Debug|Any CPU
		{BDE174CE-7AA7-494F-82E4-B63CE9C32FD3}.Debug|Any CPU.Build.0 = Debug|Any CPU
		{BDE174CE-7AA7-494F-82E4-B63CE9C32FD3}.Release|Any CPU.ActiveCfg = Release|Any CPU
		{BDE174CE-7AA7-494F-82E4-B63CE9C32FD3}.Release|Any CPU.Build.0 = Release|Any CPU
		{535119D9-D273-4500-A2DD-B6CC7F72931E}.Debug|Any CPU.ActiveCfg = Debug|Any CPU
		{535119D9-D273-4500-A2DD-B6CC7F72931E}.Debug|Any CPU.Build.0 = Debug|Any CPU
		{535119D9-D273-4500-A2DD-B6CC7F72931E}.Release|Any CPU.ActiveCfg = Release|Any CPU
		{535119D9-D273-4500-A2DD-B6CC7F72931E}.Release|Any CPU.Build.0 = Release|Any CPU
	EndGlobalSection
	GlobalSection(SolutionProperties) = preSolution
		HideSolutionNode = FALSE
	EndGlobalSection
	GlobalSection(ExtensibilityGlobals) = postSolution
		SolutionGuid = {41452F47-4612-450D-B8A4-9896038A3FE9}
	EndGlobalSection
EndGlobal
